
Microsoft Visual Studio Solution File, Format Version 12.00
# Visual Studio Version 17
VisualStudioVersion = 17.14.36518.9 d17.14
MinimumVisualStudioVersion = 10.0.40219.1
Project("{FAE04EC0-301F-11D3-BF4B-00C04F79EFBC}") = "EZSong", "EZSong\EZSong.csproj", "{50F013CB-E060-41FF-A777-928F390D2E98}"
EndProject
Global
	GlobalSection(SolutionConfigurationPlatforms) = preSolution
		Debug|Any CPU = Debug|Any CPU
		Release|Any CPU = Release|Any CPU
	EndGlobalSection
	GlobalSection(ProjectConfigurationPlatforms) = postSolution
		{50F013CB-E060-41FF-A777-928F390D2E98}.Debug|Any CPU.ActiveCfg = Debug|Any CPU
		{50F013CB-E060-41FF-A777-928F390D2E98}.Debug|Any CPU.Build.0 = Debug|Any CPU
		{50F013CB-E060-41FF-A777-928F390D2E98}.Release|Any CPU.ActiveCfg = Release|Any CPU
		{50F013CB-E060-41FF-A777-928F390D2E98}.Release|Any CPU.Build.0 = Release|Any CPU
	EndGlobalSection
	GlobalSection(SolutionProperties) = preSolution
		HideSolutionNode = FALSE
	EndGlobalSection
	GlobalSection(ExtensibilityGlobals) = postSolution
		SolutionGuid = {C92C63E6-1A94-44D0-8782-A192F157970C}
	EndGlobalSection
EndGlobal
